// !$*UTF8*$!
{
	archiveVersion = 1;
	classes = {
	};
	objectVersion = 56;
	objects = {

/* Begin PBXBuildFile section */
		00C25CA4E402B53C0FD8AD05 /* libPods-MovieDatabaseUITests.a in Frameworks */ = {isa = PBXBuildFile; fileRef = F27D79952609118250651315 /* libPods-MovieDatabaseUITests.a */; };
		222B834129B9FC7600AB4C73 /* MovieCell.swift in Sources */ = {isa = PBXBuildFile; fileRef = 222B833F29B9FC7600AB4C73 /* MovieCell.swift */; };
		222B834229B9FC7600AB4C73 /* MovieCell.xib in Resources */ = {isa = PBXBuildFile; fileRef = 222B834029B9FC7600AB4C73 /* MovieCell.xib */; };
		2292918D29BB657800568FEB /* ReviewCell.swift in Sources */ = {isa = PBXBuildFile; fileRef = 2292918B29BB657700568FEB /* ReviewCell.swift */; };
		2292918E29BB657800568FEB /* ReviewCell.xib in Resources */ = {isa = PBXBuildFile; fileRef = 2292918C29BB657700568FEB /* ReviewCell.xib */; };
		22D18A4129B9D913006CF207 /* AppDelegate.swift in Sources */ = {isa = PBXBuildFile; fileRef = 22D18A4029B9D913006CF207 /* AppDelegate.swift */; };
		22D18A4329B9D913006CF207 /* SceneDelegate.swift in Sources */ = {isa = PBXBuildFile; fileRef = 22D18A4229B9D913006CF207 /* SceneDelegate.swift */; };
		22D18A4529B9D913006CF207 /* ViewController.swift in Sources */ = {isa = PBXBuildFile; fileRef = 22D18A4429B9D913006CF207 /* ViewController.swift */; };
		22D18A4829B9D913006CF207 /* Main.storyboard in Resources */ = {isa = PBXBuildFile; fileRef = 22D18A4629B9D913006CF207 /* Main.storyboard */; };
		22D18A4A29B9D916006CF207 /* Assets.xcassets in Resources */ = {isa = PBXBuildFile; fileRef = 22D18A4929B9D916006CF207 /* Assets.xcassets */; };
		22D18A4D29B9D916006CF207 /* LaunchScreen.storyboard in Resources */ = {isa = PBXBuildFile; fileRef = 22D18A4B29B9D916006CF207 /* LaunchScreen.storyboard */; };
		22D18A5829B9D916006CF207 /* MovieDatabaseTests.swift in Sources */ = {isa = PBXBuildFile; fileRef = 22D18A5729B9D916006CF207 /* MovieDatabaseTests.swift */; };
		22D18A6229B9D917006CF207 /* MovieDatabaseUITests.swift in Sources */ = {isa = PBXBuildFile; fileRef = 22D18A6129B9D917006CF207 /* MovieDatabaseUITests.swift */; };
		22D18A6429B9D917006CF207 /* MovieDatabaseUITestsLaunchTests.swift in Sources */ = {isa = PBXBuildFile; fileRef = 22D18A6329B9D917006CF207 /* MovieDatabaseUITestsLaunchTests.swift */; };
		22D18A7329B9D9DD006CF207 /* HomeScreenView.storyboard in Resources */ = {isa = PBXBuildFile; fileRef = 22D18A7229B9D9DD006CF207 /* HomeScreenView.storyboard */; };
		22D18A7529B9D9ED006CF207 /* HomeScreenView.swift in Sources */ = {isa = PBXBuildFile; fileRef = 22D18A7429B9D9ED006CF207 /* HomeScreenView.swift */; };
		22D3F61029BAE16D00A26EF4 /* MovieDetailView.storyboard in Resources */ = {isa = PBXBuildFile; fileRef = 22D3F60F29BAE16D00A26EF4 /* MovieDetailView.storyboard */; };
		22D3F61229BAF1BD00A26EF4 /* MovieDetailView.swift in Sources */ = {isa = PBXBuildFile; fileRef = 22D3F61129BAF1BD00A26EF4 /* MovieDetailView.swift */; };
		22D3F61429BAF3B700A26EF4 /* MovieDetailViewModel.swift in Sources */ = {isa = PBXBuildFile; fileRef = 22D3F61329BAF3B700A26EF4 /* MovieDetailViewModel.swift */; };
		22D3F61629BAF3C000A26EF4 /* MovieDetailModel.swift in Sources */ = {isa = PBXBuildFile; fileRef = 22D3F61529BAF3C000A26EF4 /* MovieDetailModel.swift */; };
		22D3F61829BB011700A26EF4 /* HomeScreenModel.swift in Sources */ = {isa = PBXBuildFile; fileRef = 22D3F61729BB011700A26EF4 /* HomeScreenModel.swift */; };
		22D3F61A29BB017D00A26EF4 /* HomeScreenViewModel.swift in Sources */ = {isa = PBXBuildFile; fileRef = 22D3F61929BB017D00A26EF4 /* HomeScreenViewModel.swift */; };
		22D3F61E29BB023F00A26EF4 /* ApiManager.swift in Sources */ = {isa = PBXBuildFile; fileRef = 22D3F61D29BB023F00A26EF4 /* ApiManager.swift */; };
		22D3F62229BB3FF400A26EF4 /* ImageCell.swift in Sources */ = {isa = PBXBuildFile; fileRef = 22D3F62029BB3FF400A26EF4 /* ImageCell.swift */; };
		22D3F62329BB3FF400A26EF4 /* ImageCell.xib in Resources */ = {isa = PBXBuildFile; fileRef = 22D3F62129BB3FF400A26EF4 /* ImageCell.xib */; };
		7DCDE6FE442962C7F1481625 /* libPods-MovieDatabase.a in Frameworks */ = {isa = PBXBuildFile; fileRef = C11DECCA91A7A7E132E77737 /* libPods-MovieDatabase.a */; };
		A3C285177AB55DB3B49FEA10 /* libPods-MovieDatabaseTests.a in Frameworks */ = {isa = PBXBuildFile; fileRef = D74CA4F07CC9184CC80126A2 /* libPods-MovieDatabaseTests.a */; };
/* End PBXBuildFile section */

/* Begin PBXContainerItemProxy section */
		22D18A5429B9D916006CF207 /* PBXContainerItemProxy */ = {
			isa = PBXContainerItemProxy;
			containerPortal = 22D18A3529B9D913006CF207 /* Project object */;
			proxyType = 1;
			remoteGlobalIDString = 22D18A3C29B9D913006CF207;
			remoteInfo = MovieDatabase;
		};
		22D18A5E29B9D917006CF207 /* PBXContainerItemProxy */ = {
			isa = PBXContainerItemProxy;
			containerPortal = 22D18A3529B9D913006CF207 /* Project object */;
			proxyType = 1;
			remoteGlobalIDString = 22D18A3C29B9D913006CF207;
			remoteInfo = MovieDatabase;
		};
/* End PBXContainerItemProxy section */

/* Begin PBXFileReference section */
		1BFA33C629F4A1623F8AB5AB /* Pods-MovieDatabase.release.xcconfig */ = {isa = PBXFileReference; includeInIndex = 1; lastKnownFileType = text.xcconfig; name = "Pods-MovieDatabase.release.xcconfig"; path = "Target Support Files/Pods-MovieDatabase/Pods-MovieDatabase.release.xcconfig"; sourceTree = "<group>"; };
		1CD9F2EF5F567359AF978AA9 /* Pods-MovieDatabaseUITests.debug.xcconfig */ = {isa = PBXFileReference; includeInIndex = 1; lastKnownFileType = text.xcconfig; name = "Pods-MovieDatabaseUITests.debug.xcconfig"; path = "Target Support Files/Pods-MovieDatabaseUITests/Pods-MovieDatabaseUITests.debug.xcconfig"; sourceTree = "<group>"; };
		2201398F29BA2D700048EA67 /* libKingfisher.a */ = {isa = PBXFileReference; explicitFileType = archive.ar; path = libKingfisher.a; sourceTree = BUILT_PRODUCTS_DIR; };
		222B833F29B9FC7600AB4C73 /* MovieCell.swift */ = {isa = PBXFileReference; lastKnownFileType = sourcecode.swift; path = MovieCell.swift; sourceTree = "<group>"; };
		222B834029B9FC7600AB4C73 /* MovieCell.xib */ = {isa = PBXFileReference; lastKnownFileType = file.xib; path = MovieCell.xib; sourceTree = "<group>"; };
		2292918929BB56E600568FEB /* libyoutube-ios-player-helper.a */ = {isa = PBXFileReference; explicitFileType = archive.ar; path = "libyoutube-ios-player-helper.a"; sourceTree = BUILT_PRODUCTS_DIR; };
		2292918B29BB657700568FEB /* ReviewCell.swift */ = {isa = PBXFileReference; lastKnownFileType = sourcecode.swift; path = ReviewCell.swift; sourceTree = "<group>"; };
		2292918C29BB657700568FEB /* ReviewCell.xib */ = {isa = PBXFileReference; lastKnownFileType = file.xib; path = ReviewCell.xib; sourceTree = "<group>"; };
		22D18A3D29B9D913006CF207 /* MovieDatabase.app */ = {isa = PBXFileReference; explicitFileType = wrapper.application; includeInIndex = 0; path = MovieDatabase.app; sourceTree = BUILT_PRODUCTS_DIR; };
		22D18A4029B9D913006CF207 /* AppDelegate.swift */ = {isa = PBXFileReference; lastKnownFileType = sourcecode.swift; path = AppDelegate.swift; sourceTree = "<group>"; };
		22D18A4229B9D913006CF207 /* SceneDelegate.swift */ = {isa = PBXFileReference; lastKnownFileType = sourcecode.swift; path = SceneDelegate.swift; sourceTree = "<group>"; };
		22D18A4429B9D913006CF207 /* ViewController.swift */ = {isa = PBXFileReference; lastKnownFileType = sourcecode.swift; path = ViewController.swift; sourceTree = "<group>"; };
		22D18A4729B9D913006CF207 /* Base */ = {isa = PBXFileReference; lastKnownFileType = file.storyboard; name = Base; path = Base.lproj/Main.storyboard; sourceTree = "<group>"; };
		22D18A4929B9D916006CF207 /* Assets.xcassets */ = {isa = PBXFileReference; lastKnownFileType = folder.assetcatalog; path = Assets.xcassets; sourceTree = "<group>"; };
		22D18A4C29B9D916006CF207 /* Base */ = {isa = PBXFileReference; lastKnownFileType = file.storyboard; name = Base; path = Base.lproj/LaunchScreen.storyboard; sourceTree = "<group>"; };
		22D18A4E29B9D916006CF207 /* Info.plist */ = {isa = PBXFileReference; lastKnownFileType = text.plist.xml; path = Info.plist; sourceTree = "<group>"; };
		22D18A5329B9D916006CF207 /* MovieDatabaseTests.xctest */ = {isa = PBXFileReference; explicitFileType = wrapper.cfbundle; includeInIndex = 0; path = MovieDatabaseTests.xctest; sourceTree = BUILT_PRODUCTS_DIR; };
		22D18A5729B9D916006CF207 /* MovieDatabaseTests.swift */ = {isa = PBXFileReference; lastKnownFileType = sourcecode.swift; path = MovieDatabaseTests.swift; sourceTree = "<group>"; };
		22D18A5D29B9D917006CF207 /* MovieDatabaseUITests.xctest */ = {isa = PBXFileReference; explicitFileType = wrapper.cfbundle; includeInIndex = 0; path = MovieDatabaseUITests.xctest; sourceTree = BUILT_PRODUCTS_DIR; };
		22D18A6129B9D917006CF207 /* MovieDatabaseUITests.swift */ = {isa = PBXFileReference; lastKnownFileType = sourcecode.swift; path = MovieDatabaseUITests.swift; sourceTree = "<group>"; };
		22D18A6329B9D917006CF207 /* MovieDatabaseUITestsLaunchTests.swift */ = {isa = PBXFileReference; lastKnownFileType = sourcecode.swift; path = MovieDatabaseUITestsLaunchTests.swift; sourceTree = "<group>"; };
		22D18A7229B9D9DD006CF207 /* HomeScreenView.storyboard */ = {isa = PBXFileReference; lastKnownFileType = file.storyboard; path = HomeScreenView.storyboard; sourceTree = "<group>"; };
		22D18A7429B9D9ED006CF207 /* HomeScreenView.swift */ = {isa = PBXFileReference; lastKnownFileType = sourcecode.swift; path = HomeScreenView.swift; sourceTree = "<group>"; };
		22D3F60C29BA470000A26EF4 /* libSkeletonView.a */ = {isa = PBXFileReference; explicitFileType = archive.ar; path = libSkeletonView.a; sourceTree = BUILT_PRODUCTS_DIR; };
		22D3F60F29BAE16D00A26EF4 /* MovieDetailView.storyboard */ = {isa = PBXFileReference; lastKnownFileType = file.storyboard; path = MovieDetailView.storyboard; sourceTree = "<group>"; };
		22D3F61129BAF1BD00A26EF4 /* MovieDetailView.swift */ = {isa = PBXFileReference; lastKnownFileType = sourcecode.swift; path = MovieDetailView.swift; sourceTree = "<group>"; };
		22D3F61329BAF3B700A26EF4 /* MovieDetailViewModel.swift */ = {isa = PBXFileReference; lastKnownFileType = sourcecode.swift; path = MovieDetailViewModel.swift; sourceTree = "<group>"; };
		22D3F61529BAF3C000A26EF4 /* MovieDetailModel.swift */ = {isa = PBXFileReference; lastKnownFileType = sourcecode.swift; path = MovieDetailModel.swift; sourceTree = "<group>"; };
		22D3F61729BB011700A26EF4 /* HomeScreenModel.swift */ = {isa = PBXFileReference; lastKnownFileType = sourcecode.swift; path = HomeScreenModel.swift; sourceTree = "<group>"; };
		22D3F61929BB017D00A26EF4 /* HomeScreenViewModel.swift */ = {isa = PBXFileReference; lastKnownFileType = sourcecode.swift; path = HomeScreenViewModel.swift; sourceTree = "<group>"; };
		22D3F61D29BB023F00A26EF4 /* ApiManager.swift */ = {isa = PBXFileReference; lastKnownFileType = sourcecode.swift; path = ApiManager.swift; sourceTree = "<group>"; };
		22D3F62029BB3FF400A26EF4 /* ImageCell.swift */ = {isa = PBXFileReference; lastKnownFileType = sourcecode.swift; path = ImageCell.swift; sourceTree = "<group>"; };
		22D3F62129BB3FF400A26EF4 /* ImageCell.xib */ = {isa = PBXFileReference; lastKnownFileType = file.xib; path = ImageCell.xib; sourceTree = "<group>"; };
		22F7ECA729BA089000F2434D /* libKingfisher.a */ = {isa = PBXFileReference; explicitFileType = archive.ar; path = libKingfisher.a; sourceTree = BUILT_PRODUCTS_DIR; };
		3B373343DF2B7B9E254E89DE /* Pods-MovieDatabaseTests.release.xcconfig */ = {isa = PBXFileReference; includeInIndex = 1; lastKnownFileType = text.xcconfig; name = "Pods-MovieDatabaseTests.release.xcconfig"; path = "Target Support Files/Pods-MovieDatabaseTests/Pods-MovieDatabaseTests.release.xcconfig"; sourceTree = "<group>"; };
		4CF7AED150CF640918ABBEEA /* Pods-MovieDatabase.debug.xcconfig */ = {isa = PBXFileReference; includeInIndex = 1; lastKnownFileType = text.xcconfig; name = "Pods-MovieDatabase.debug.xcconfig"; path = "Target Support Files/Pods-MovieDatabase/Pods-MovieDatabase.debug.xcconfig"; sourceTree = "<group>"; };
		91C2E2B544AC18C6009DBBB4 /* Pods-MovieDatabaseUITests.release.xcconfig */ = {isa = PBXFileReference; includeInIndex = 1; lastKnownFileType = text.xcconfig; name = "Pods-MovieDatabaseUITests.release.xcconfig"; path = "Target Support Files/Pods-MovieDatabaseUITests/Pods-MovieDatabaseUITests.release.xcconfig"; sourceTree = "<group>"; };
		C099DE6DE7E179C3D86EC86B /* Pods-MovieDatabaseTests.debug.xcconfig */ = {isa = PBXFileReference; includeInIndex = 1; lastKnownFileType = text.xcconfig; name = "Pods-MovieDatabaseTests.debug.xcconfig"; path = "Target Support Files/Pods-MovieDatabaseTests/Pods-MovieDatabaseTests.debug.xcconfig"; sourceTree = "<group>"; };
		C11DECCA91A7A7E132E77737 /* libPods-MovieDatabase.a */ = {isa = PBXFileReference; explicitFileType = archive.ar; includeInIndex = 0; path = "libPods-MovieDatabase.a"; sourceTree = BUILT_PRODUCTS_DIR; };
		D74CA4F07CC9184CC80126A2 /* libPods-MovieDatabaseTests.a */ = {isa = PBXFileReference; explicitFileType = archive.ar; includeInIndex = 0; path = "libPods-MovieDatabaseTests.a"; sourceTree = BUILT_PRODUCTS_DIR; };
		F27D79952609118250651315 /* libPods-MovieDatabaseUITests.a */ = {isa = PBXFileReference; explicitFileType = archive.ar; includeInIndex = 0; path = "libPods-MovieDatabaseUITests.a"; sourceTree = BUILT_PRODUCTS_DIR; };
/* End PBXFileReference section */

/* Begin PBXFrameworksBuildPhase section */
		22D18A3A29B9D913006CF207 /* Frameworks */ = {
			isa = PBXFrameworksBuildPhase;
			buildActionMask = 2147483647;
			files = (
				7DCDE6FE442962C7F1481625 /* libPods-MovieDatabase.a in Frameworks */,
			);
			runOnlyForDeploymentPostprocessing = 0;
		};
		22D18A5029B9D916006CF207 /* Frameworks */ = {
			isa = PBXFrameworksBuildPhase;
			buildActionMask = 2147483647;
			files = (
				A3C285177AB55DB3B49FEA10 /* libPods-MovieDatabaseTests.a in Frameworks */,
			);
			runOnlyForDeploymentPostprocessing = 0;
		};
		22D18A5A29B9D917006CF207 /* Frameworks */ = {
			isa = PBXFrameworksBuildPhase;
			buildActionMask = 2147483647;
			files = (
				00C25CA4E402B53C0FD8AD05 /* libPods-MovieDatabaseUITests.a in Frameworks */,
			);
			runOnlyForDeploymentPostprocessing = 0;
		};
/* End PBXFrameworksBuildPhase section */

/* Begin PBXGroup section */
		222B833A29B9FB2A00AB4C73 /* Cells */ = {
			isa = PBXGroup;
			children = (
				222B833F29B9FC7600AB4C73 /* MovieCell.swift */,
				222B834029B9FC7600AB4C73 /* MovieCell.xib */,
			);
			path = Cells;
			sourceTree = "<group>";
		};
		22D18A3429B9D913006CF207 = {
			isa = PBXGroup;
			children = (
				22D18A3F29B9D913006CF207 /* MovieDatabase */,
				22D18A5629B9D916006CF207 /* MovieDatabaseTests */,
				22D18A6029B9D917006CF207 /* MovieDatabaseUITests */,
				22D18A3E29B9D913006CF207 /* Products */,
				7BDD695EE501BFA47B086B2B /* Pods */,
				6641E4FDC85A557F8B86CA28 /* Frameworks */,
			);
			sourceTree = "<group>";
		};
		22D18A3E29B9D913006CF207 /* Products */ = {
			isa = PBXGroup;
			children = (
				22D18A3D29B9D913006CF207 /* MovieDatabase.app */,
				22D18A5329B9D916006CF207 /* MovieDatabaseTests.xctest */,
				22D18A5D29B9D917006CF207 /* MovieDatabaseUITests.xctest */,
			);
			name = Products;
			sourceTree = "<group>";
		};
		22D18A3F29B9D913006CF207 /* MovieDatabase */ = {
			isa = PBXGroup;
			children = (
				22D18A7029B9D9BD006CF207 /* Modules */,
				22D18A4029B9D913006CF207 /* AppDelegate.swift */,
				22D18A4229B9D913006CF207 /* SceneDelegate.swift */,
				22D18A4429B9D913006CF207 /* ViewController.swift */,
				22D18A4629B9D913006CF207 /* Main.storyboard */,
				22D18A4929B9D916006CF207 /* Assets.xcassets */,
				22D18A4B29B9D916006CF207 /* LaunchScreen.storyboard */,
				22D18A4E29B9D916006CF207 /* Info.plist */,
			);
			path = MovieDatabase;
			sourceTree = "<group>";
		};
		22D18A5629B9D916006CF207 /* MovieDatabaseTests */ = {
			isa = PBXGroup;
			children = (
				22D18A5729B9D916006CF207 /* MovieDatabaseTests.swift */,
			);
			path = MovieDatabaseTests;
			sourceTree = "<group>";
		};
		22D18A6029B9D917006CF207 /* MovieDatabaseUITests */ = {
			isa = PBXGroup;
			children = (
				22D18A6129B9D917006CF207 /* MovieDatabaseUITests.swift */,
				22D18A6329B9D917006CF207 /* MovieDatabaseUITestsLaunchTests.swift */,
			);
			path = MovieDatabaseUITests;
			sourceTree = "<group>";
		};
		22D18A7029B9D9BD006CF207 /* Modules */ = {
			isa = PBXGroup;
			children = (
				22D3F61B29BB021900A26EF4 /* Common */,
				22D3F60E29BAE15B00A26EF4 /* MovieDetail */,
				22D18A7129B9D9C9006CF207 /* HomeScreen */,
			);
			path = Modules;
			sourceTree = "<group>";
		};
		22D18A7129B9D9C9006CF207 /* HomeScreen */ = {
			isa = PBXGroup;
			children = (
				222B833A29B9FB2A00AB4C73 /* Cells */,
				22D18A7229B9D9DD006CF207 /* HomeScreenView.storyboard */,
				22D18A7429B9D9ED006CF207 /* HomeScreenView.swift */,
				22D3F61929BB017D00A26EF4 /* HomeScreenViewModel.swift */,
				22D3F61729BB011700A26EF4 /* HomeScreenModel.swift */,
			);
			path = HomeScreen;
			sourceTree = "<group>";
		};
		22D3F60E29BAE15B00A26EF4 /* MovieDetail */ = {
			isa = PBXGroup;
			children = (
				22D3F61F29BB3FA900A26EF4 /* Cells */,
				22D3F60F29BAE16D00A26EF4 /* MovieDetailView.storyboard */,
				22D3F61129BAF1BD00A26EF4 /* MovieDetailView.swift */,
				22D3F61329BAF3B700A26EF4 /* MovieDetailViewModel.swift */,
				22D3F61529BAF3C000A26EF4 /* MovieDetailModel.swift */,
			);
			path = MovieDetail;
			sourceTree = "<group>";
		};
		22D3F61B29BB021900A26EF4 /* Common */ = {
			isa = PBXGroup;
			children = (
				22D3F61D29BB023F00A26EF4 /* ApiManager.swift */,
			);
			path = Common;
			sourceTree = "<group>";
		};
		22D3F61F29BB3FA900A26EF4 /* Cells */ = {
			isa = PBXGroup;
			children = (
				22D3F62029BB3FF400A26EF4 /* ImageCell.swift */,
				22D3F62129BB3FF400A26EF4 /* ImageCell.xib */,
				2292918B29BB657700568FEB /* ReviewCell.swift */,
				2292918C29BB657700568FEB /* ReviewCell.xib */,
			);
			path = Cells;
			sourceTree = "<group>";
		};
		6641E4FDC85A557F8B86CA28 /* Frameworks */ = {
			isa = PBXGroup;
			children = (
				2292918929BB56E600568FEB /* libyoutube-ios-player-helper.a */,
				22D3F60C29BA470000A26EF4 /* libSkeletonView.a */,
				2201398F29BA2D700048EA67 /* libKingfisher.a */,
				22F7ECA729BA089000F2434D /* libKingfisher.a */,
				C11DECCA91A7A7E132E77737 /* libPods-MovieDatabase.a */,
				D74CA4F07CC9184CC80126A2 /* libPods-MovieDatabaseTests.a */,
				F27D79952609118250651315 /* libPods-MovieDatabaseUITests.a */,
			);
			name = Frameworks;
			sourceTree = "<group>";
		};
		7BDD695EE501BFA47B086B2B /* Pods */ = {
			isa = PBXGroup;
			children = (
				4CF7AED150CF640918ABBEEA /* Pods-MovieDatabase.debug.xcconfig */,
				1BFA33C629F4A1623F8AB5AB /* Pods-MovieDatabase.release.xcconfig */,
				C099DE6DE7E179C3D86EC86B /* Pods-MovieDatabaseTests.debug.xcconfig */,
				3B373343DF2B7B9E254E89DE /* Pods-MovieDatabaseTests.release.xcconfig */,
				1CD9F2EF5F567359AF978AA9 /* Pods-MovieDatabaseUITests.debug.xcconfig */,
				91C2E2B544AC18C6009DBBB4 /* Pods-MovieDatabaseUITests.release.xcconfig */,
			);
			path = Pods;
			sourceTree = "<group>";
		};
/* End PBXGroup section */

/* Begin PBXNativeTarget section */
		22D18A3C29B9D913006CF207 /* MovieDatabase */ = {
			isa = PBXNativeTarget;
			buildConfigurationList = 22D18A6729B9D917006CF207 /* Build configuration list for PBXNativeTarget "MovieDatabase" */;
			buildPhases = (
				A706E13C58BE7340477E50A2 /* [CP] Check Pods Manifest.lock */,
				22D18A3929B9D913006CF207 /* Sources */,
				22D18A3A29B9D913006CF207 /* Frameworks */,
				22D18A3B29B9D913006CF207 /* Resources */,
				0BCAEA0C14CAAB486DFFFFE4 /* [CP] Copy Pods Resources */,
			);
			buildRules = (
			);
			dependencies = (
			);
			name = MovieDatabase;
			productName = MovieDatabase;
			productReference = 22D18A3D29B9D913006CF207 /* MovieDatabase.app */;
			productType = "com.apple.product-type.application";
		};
		22D18A5229B9D916006CF207 /* MovieDatabaseTests */ = {
			isa = PBXNativeTarget;
			buildConfigurationList = 22D18A6A29B9D917006CF207 /* Build configuration list for PBXNativeTarget "MovieDatabaseTests" */;
			buildPhases = (
				A696CE9CF06AC5A5D32AE540 /* [CP] Check Pods Manifest.lock */,
				22D18A4F29B9D916006CF207 /* Sources */,
				22D18A5029B9D916006CF207 /* Frameworks */,
				22D18A5129B9D916006CF207 /* Resources */,
			);
			buildRules = (
			);
			dependencies = (
				22D18A5529B9D916006CF207 /* PBXTargetDependency */,
			);
			name = MovieDatabaseTests;
			productName = MovieDatabaseTests;
			productReference = 22D18A5329B9D916006CF207 /* MovieDatabaseTests.xctest */;
			productType = "com.apple.product-type.bundle.unit-test";
		};
		22D18A5C29B9D917006CF207 /* MovieDatabaseUITests */ = {
			isa = PBXNativeTarget;
			buildConfigurationList = 22D18A6D29B9D917006CF207 /* Build configuration list for PBXNativeTarget "MovieDatabaseUITests" */;
			buildPhases = (
				20DDA37472BBBC7C6A94122A /* [CP] Check Pods Manifest.lock */,
				22D18A5929B9D917006CF207 /* Sources */,
				22D18A5A29B9D917006CF207 /* Frameworks */,
				22D18A5B29B9D917006CF207 /* Resources */,
			);
			buildRules = (
			);
			dependencies = (
				22D18A5F29B9D917006CF207 /* PBXTargetDependency */,
			);
			name = MovieDatabaseUITests;
			productName = MovieDatabaseUITests;
			productReference = 22D18A5D29B9D917006CF207 /* MovieDatabaseUITests.xctest */;
			productType = "com.apple.product-type.bundle.ui-testing";
		};
/* End PBXNativeTarget section */

/* Begin PBXProject section */
		22D18A3529B9D913006CF207 /* Project object */ = {
			isa = PBXProject;
			attributes = {
				BuildIndependentTargetsInParallel = 1;
				LastSwiftUpdateCheck = 1410;
				LastUpgradeCheck = 1410;
				TargetAttributes = {
					22D18A3C29B9D913006CF207 = {
						CreatedOnToolsVersion = 14.1;
					};
					22D18A5229B9D916006CF207 = {
						CreatedOnToolsVersion = 14.1;
						TestTargetID = 22D18A3C29B9D913006CF207;
					};
					22D18A5C29B9D917006CF207 = {
						CreatedOnToolsVersion = 14.1;
						TestTargetID = 22D18A3C29B9D913006CF207;
					};
				};
			};
			buildConfigurationList = 22D18A3829B9D913006CF207 /* Build configuration list for PBXProject "MovieDatabase" */;
			compatibilityVersion = "Xcode 14.0";
			developmentRegion = en;
			hasScannedForEncodings = 0;
			knownRegions = (
				en,
				Base,
			);
			mainGroup = 22D18A3429B9D913006CF207;
			productRefGroup = 22D18A3E29B9D913006CF207 /* Products */;
			projectDirPath = "";
			projectRoot = "";
			targets = (
				22D18A3C29B9D913006CF207 /* MovieDatabase */,
				22D18A5229B9D916006CF207 /* MovieDatabaseTests */,
				22D18A5C29B9D917006CF207 /* MovieDatabaseUITests */,
			);
		};
/* End PBXProject section */

/* Begin PBXResourcesBuildPhase section */
		22D18A3B29B9D913006CF207 /* Resources */ = {
			isa = PBXResourcesBuildPhase;
			buildActionMask = 2147483647;
			files = (
				222B834229B9FC7600AB4C73 /* MovieCell.xib in Resources */,
				2292918E29BB657800568FEB /* ReviewCell.xib in Resources */,
				22D3F61029BAE16D00A26EF4 /* MovieDetailView.storyboard in Resources */,
				22D3F62329BB3FF400A26EF4 /* ImageCell.xib in Resources */,
				22D18A7329B9D9DD006CF207 /* HomeScreenView.storyboard in Resources */,
				22D18A4D29B9D916006CF207 /* LaunchScreen.storyboard in Resources */,
				22D18A4A29B9D916006CF207 /* Assets.xcassets in Resources */,
				22D18A4829B9D913006CF207 /* Main.storyboard in Resources */,
			);
			runOnlyForDeploymentPostprocessing = 0;
		};
		22D18A5129B9D916006CF207 /* Resources */ = {
			isa = PBXResourcesBuildPhase;
			buildActionMask = 2147483647;
			files = (
			);
			runOnlyForDeploymentPostprocessing = 0;
		};
		22D18A5B29B9D917006CF207 /* Resources */ = {
			isa = PBXResourcesBuildPhase;
			buildActionMask = 2147483647;
			files = (
			);
			runOnlyForDeploymentPostprocessing = 0;
		};
/* End PBXResourcesBuildPhase section */

/* Begin PBXShellScriptBuildPhase section */
		0BCAEA0C14CAAB486DFFFFE4 /* [CP] Copy Pods Resources */ = {
			isa = PBXShellScriptBuildPhase;
			buildActionMask = 2147483647;
			files = (
			);
			inputFileListPaths = (
				"${PODS_ROOT}/Target Support Files/Pods-MovieDatabase/Pods-MovieDatabase-resources-${CONFIGURATION}-input-files.xcfilelist",
			);
			name = "[CP] Copy Pods Resources";
			outputFileListPaths = (
				"${PODS_ROOT}/Target Support Files/Pods-MovieDatabase/Pods-MovieDatabase-resources-${CONFIGURATION}-output-files.xcfilelist",
			);
			runOnlyForDeploymentPostprocessing = 0;
			shellPath = /bin/sh;
			shellScript = "\"${PODS_ROOT}/Target Support Files/Pods-MovieDatabase/Pods-MovieDatabase-resources.sh\"\n";
			showEnvVarsInLog = 0;
		};
		20DDA37472BBBC7C6A94122A /* [CP] Check Pods Manifest.lock */ = {
			isa = PBXShellScriptBuildPhase;
			buildActionMask = 2147483647;
			files = (
			);
			inputFileListPaths = (
			);
			inputPaths = (
				"${PODS_PODFILE_DIR_PATH}/Podfile.lock",
				"${PODS_ROOT}/Manifest.lock",
			);
			name = "[CP] Check Pods Manifest.lock";
			outputFileListPaths = (
			);
			outputPaths = (
				"$(DERIVED_FILE_DIR)/Pods-MovieDatabaseUITests-checkManifestLockResult.txt",
			);
			runOnlyForDeploymentPostprocessing = 0;
			shellPath = /bin/sh;
			shellScript = "diff \"${PODS_PODFILE_DIR_PATH}/Podfile.lock\" \"${PODS_ROOT}/Manifest.lock\" > /dev/null\nif [ $? != 0 ] ; then\n    # print error to STDERR\n    echo \"error: The sandbox is not in sync with the Podfile.lock. Run 'pod install' or update your CocoaPods installation.\" >&2\n    exit 1\nfi\n# This output is used by Xcode 'outputs' to avoid re-running this script phase.\necho \"SUCCESS\" > \"${SCRIPT_OUTPUT_FILE_0}\"\n";
			showEnvVarsInLog = 0;
		};
		A696CE9CF06AC5A5D32AE540 /* [CP] Check Pods Manifest.lock */ = {
			isa = PBXShellScriptBuildPhase;
			buildActionMask = 2147483647;
			files = (
			);
			inputFileListPaths = (
			);
			inputPaths = (
				"${PODS_PODFILE_DIR_PATH}/Podfile.lock",
				"${PODS_ROOT}/Manifest.lock",
			);
			name = "[CP] Check Pods Manifest.lock";
			outputFileListPaths = (
			);
			outputPaths = (
				"$(DERIVED_FILE_DIR)/Pods-MovieDatabaseTests-checkManifestLockResult.txt",
			);
			runOnlyForDeploymentPostprocessing = 0;
			shellPath = /bin/sh;
			shellScript = "diff \"${PODS_PODFILE_DIR_PATH}/Podfile.lock\" \"${PODS_ROOT}/Manifest.lock\" > /dev/null\nif [ $? != 0 ] ; then\n    # print error to STDERR\n    echo \"error: The sandbox is not in sync with the Podfile.lock. Run 'pod install' or update your CocoaPods installation.\" >&2\n    exit 1\nfi\n# This output is used by Xcode 'outputs' to avoid re-running this script phase.\necho \"SUCCESS\" > \"${SCRIPT_OUTPUT_FILE_0}\"\n";
			showEnvVarsInLog = 0;
		};
		A706E13C58BE7340477E50A2 /* [CP] Check Pods Manifest.lock */ = {
			isa = PBXShellScriptBuildPhase;
			buildActionMask = 2147483647;
			files = (
			);
			inputFileListPaths = (
			);
			inputPaths = (
				"${PODS_PODFILE_DIR_PATH}/Podfile.lock",
				"${PODS_ROOT}/Manifest.lock",
			);
			name = "[CP] Check Pods Manifest.lock";
			outputFileListPaths = (
			);
			outputPaths = (
				"$(DERIVED_FILE_DIR)/Pods-MovieDatabase-checkManifestLockResult.txt",
			);
			runOnlyForDeploymentPostprocessing = 0;
			shellPath = /bin/sh;
			shellScript = "diff \"${PODS_PODFILE_DIR_PATH}/Podfile.lock\" \"${PODS_ROOT}/Manifest.lock\" > /dev/null\nif [ $? != 0 ] ; then\n    # print error to STDERR\n    echo \"error: The sandbox is not in sync with the Podfile.lock. Run 'pod install' or update your CocoaPods installation.\" >&2\n    exit 1\nfi\n# This output is used by Xcode 'outputs' to avoid re-running this script phase.\necho \"SUCCESS\" > \"${SCRIPT_OUTPUT_FILE_0}\"\n";
			showEnvVarsInLog = 0;
		};
/* End PBXShellScriptBuildPhase section */

/* Begin PBXSourcesBuildPhase section */
		22D18A3929B9D913006CF207 /* Sources */ = {
			isa = PBXSourcesBuildPhase;
			buildActionMask = 2147483647;
			files = (
				22D3F61229BAF1BD00A26EF4 /* MovieDetailView.swift in Sources */,
				22D18A4529B9D913006CF207 /* ViewController.swift in Sources */,
				22D18A4129B9D913006CF207 /* AppDelegate.swift in Sources */,
				22D18A4329B9D913006CF207 /* SceneDelegate.swift in Sources */,
				22D18A7529B9D9ED006CF207 /* HomeScreenView.swift in Sources */,
				22D3F62229BB3FF400A26EF4 /* ImageCell.swift in Sources */,
				22D3F61829BB011700A26EF4 /* HomeScreenModel.swift in Sources */,
				22D3F61E29BB023F00A26EF4 /* ApiManager.swift in Sources */,
				22D3F61629BAF3C000A26EF4 /* MovieDetailModel.swift in Sources */,
				22D3F61429BAF3B700A26EF4 /* MovieDetailViewModel.swift in Sources */,
				2292918D29BB657800568FEB /* ReviewCell.swift in Sources */,
				222B834129B9FC7600AB4C73 /* MovieCell.swift in Sources */,
				22D3F61A29BB017D00A26EF4 /* HomeScreenViewModel.swift in Sources */,
			);
			runOnlyForDeploymentPostprocessing = 0;
		};
		22D18A4F29B9D916006CF207 /* Sources */ = {
			isa = PBXSourcesBuildPhase;
			buildActionMask = 2147483647;
			files = (
				22D18A5829B9D916006CF207 /* MovieDatabaseTests.swift in Sources */,
			);
			runOnlyForDeploymentPostprocessing = 0;
		};
		22D18A5929B9D917006CF207 /* Sources */ = {
			isa = PBXSourcesBuildPhase;
			buildActionMask = 2147483647;
			files = (
				22D18A6429B9D917006CF207 /* MovieDatabaseUITestsLaunchTests.swift in Sources */,
				22D18A6229B9D917006CF207 /* MovieDatabaseUITests.swift in Sources */,
			);
			runOnlyForDeploymentPostprocessing = 0;
		};
/* End PBXSourcesBuildPhase section */

/* Begin PBXTargetDependency section */
		22D18A5529B9D916006CF207 /* PBXTargetDependency */ = {
			isa = PBXTargetDependency;
			target = 22D18A3C29B9D913006CF207 /* MovieDatabase */;
			targetProxy = 22D18A5429B9D916006CF207 /* PBXContainerItemProxy */;
		};
		22D18A5F29B9D917006CF207 /* PBXTargetDependency */ = {
			isa = PBXTargetDependency;
			target = 22D18A3C29B9D913006CF207 /* MovieDatabase */;
			targetProxy = 22D18A5E29B9D917006CF207 /* PBXContainerItemProxy */;
		};
/* End PBXTargetDependency section */

/* Begin PBXVariantGroup section */
		22D18A4629B9D913006CF207 /* Main.storyboard */ = {
			isa = PBXVariantGroup;
			children = (
				22D18A4729B9D913006CF207 /* Base */,
			);
			name = Main.storyboard;
			sourceTree = "<group>";
		};
		22D18A4B29B9D916006CF207 /* LaunchScreen.storyboard */ = {
			isa = PBXVariantGroup;
			children = (
				22D18A4C29B9D916006CF207 /* Base */,
			);
			name = LaunchScreen.storyboard;
			sourceTree = "<group>";
		};
/* End PBXVariantGroup section */

/* Begin XCBuildConfiguration section */
		22D18A6529B9D917006CF207 /* Debug */ = {
			isa = XCBuildConfiguration;
			buildSettings = {
				ALWAYS_SEARCH_USER_PATHS = NO;
				CLANG_ANALYZER_NONNULL = YES;
				CLANG_ANALYZER_NUMBER_OBJECT_CONVERSION = YES_AGGRESSIVE;
				CLANG_CXX_LANGUAGE_STANDARD = "gnu++20";
				CLANG_ENABLE_MODULES = YES;
				CLANG_ENABLE_OBJC_ARC = YES;
				CLANG_ENABLE_OBJC_WEAK = YES;
				CLANG_WARN_BLOCK_CAPTURE_AUTORELEASING = YES;
				CLANG_WARN_BOOL_CONVERSION = YES;
				CLANG_WARN_COMMA = YES;
				CLANG_WARN_CONSTANT_CONVERSION = YES;
				CLANG_WARN_DEPRECATED_OBJC_IMPLEMENTATIONS = YES;
				CLANG_WARN_DIRECT_OBJC_ISA_USAGE = YES_ERROR;
				CLANG_WARN_DOCUMENTATION_COMMENTS = YES;
				CLANG_WARN_EMPTY_BODY = YES;
				CLANG_WARN_ENUM_CONVERSION = YES;
				CLANG_WARN_INFINITE_RECURSION = YES;
				CLANG_WARN_INT_CONVERSION = YES;
				CLANG_WARN_NON_LITERAL_NULL_CONVERSION = YES;
				CLANG_WARN_OBJC_IMPLICIT_RETAIN_SELF = YES;
				CLANG_WARN_OBJC_LITERAL_CONVERSION = YES;
				CLANG_WARN_OBJC_ROOT_CLASS = YES_ERROR;
				CLANG_WARN_QUOTED_INCLUDE_IN_FRAMEWORK_HEADER = YES;
				CLANG_WARN_RANGE_LOOP_ANALYSIS = YES;
				CLANG_WARN_STRICT_PROTOTYPES = YES;
				CLANG_WARN_SUSPICIOUS_MOVE = YES;
				CLANG_WARN_UNGUARDED_AVAILABILITY = YES_AGGRESSIVE;
				CLANG_WARN_UNREACHABLE_CODE = YES;
				CLANG_WARN__DUPLICATE_METHOD_MATCH = YES;
				COPY_PHASE_STRIP = NO;
				DEBUG_INFORMATION_FORMAT = dwarf;
				ENABLE_STRICT_OBJC_MSGSEND = YES;
				ENABLE_TESTABILITY = YES;
				GCC_C_LANGUAGE_STANDARD = gnu11;
				GCC_DYNAMIC_NO_PIC = NO;
				GCC_NO_COMMON_BLOCKS = YES;
				GCC_OPTIMIZATION_LEVEL = 0;
				GCC_PREPROCESSOR_DEFINITIONS = (
					"DEBUG=1",
					"$(inherited)",
				);
				GCC_WARN_64_TO_32_BIT_CONVERSION = YES;
				GCC_WARN_ABOUT_RETURN_TYPE = YES_ERROR;
				GCC_WARN_UNDECLARED_SELECTOR = YES;
				GCC_WARN_UNINITIALIZED_AUTOS = YES_AGGRESSIVE;
				GCC_WARN_UNUSED_FUNCTION = YES;
				GCC_WARN_UNUSED_VARIABLE = YES;
				IPHONEOS_DEPLOYMENT_TARGET = 16.1;
				MTL_ENABLE_DEBUG_INFO = INCLUDE_SOURCE;
				MTL_FAST_MATH = YES;
				ONLY_ACTIVE_ARCH = YES;
				SDKROOT = iphoneos;
				SWIFT_ACTIVE_COMPILATION_CONDITIONS = DEBUG;
				SWIFT_OPTIMIZATION_LEVEL = "-Onone";
			};
			name = Debug;
		};
		22D18A6629B9D917006CF207 /* Release */ = {
			isa = XCBuildConfiguration;
			buildSettings = {
				ALWAYS_SEARCH_USER_PATHS = NO;
				CLANG_ANALYZER_NONNULL = YES;
				CLANG_ANALYZER_NUMBER_OBJECT_CONVERSION = YES_AGGRESSIVE;
				CLANG_CXX_LANGUAGE_STANDARD = "gnu++20";
				CLANG_ENABLE_MODULES = YES;
				CLANG_ENABLE_OBJC_ARC = YES;
				CLANG_ENABLE_OBJC_WEAK = YES;
				CLANG_WARN_BLOCK_CAPTURE_AUTORELEASING = YES;
				CLANG_WARN_BOOL_CONVERSION = YES;
				CLANG_WARN_COMMA = YES;
				CLANG_WARN_CONSTANT_CONVERSION = YES;
				CLANG_WARN_DEPRECATED_OBJC_IMPLEMENTATIONS = YES;
				CLANG_WARN_DIRECT_OBJC_ISA_USAGE = YES_ERROR;
				CLANG_WARN_DOCUMENTATION_COMMENTS = YES;
				CLANG_WARN_EMPTY_BODY = YES;
				CLANG_WARN_ENUM_CONVERSION = YES;
				CLANG_WARN_INFINITE_RECURSION = YES;
				CLANG_WARN_INT_CONVERSION = YES;
				CLANG_WARN_NON_LITERAL_NULL_CONVERSION = YES;
				CLANG_WARN_OBJC_IMPLICIT_RETAIN_SELF = YES;
				CLANG_WARN_OBJC_LITERAL_CONVERSION = YES;
				CLANG_WARN_OBJC_ROOT_CLASS = YES_ERROR;
				CLANG_WARN_QUOTED_INCLUDE_IN_FRAMEWORK_HEADER = YES;
				CLANG_WARN_RANGE_LOOP_ANALYSIS = YES;
				CLANG_WARN_STRICT_PROTOTYPES = YES;
				CLANG_WARN_SUSPICIOUS_MOVE = YES;
				CLANG_WARN_UNGUARDED_AVAILABILITY = YES_AGGRESSIVE;
				CLANG_WARN_UNREACHABLE_CODE = YES;
				CLANG_WARN__DUPLICATE_METHOD_MATCH = YES;
				COPY_PHASE_STRIP = NO;
				DEBUG_INFORMATION_FORMAT = "dwarf-with-dsym";
				ENABLE_NS_ASSERTIONS = NO;
				ENABLE_STRICT_OBJC_MSGSEND = YES;
				GCC_C_LANGUAGE_STANDARD = gnu11;
				GCC_NO_COMMON_BLOCKS = YES;
				GCC_WARN_64_TO_32_BIT_CONVERSION = YES;
				GCC_WARN_ABOUT_RETURN_TYPE = YES_ERROR;
				GCC_WARN_UNDECLARED_SELECTOR = YES;
				GCC_WARN_UNINITIALIZED_AUTOS = YES_AGGRESSIVE;
				GCC_WARN_UNUSED_FUNCTION = YES;
				GCC_WARN_UNUSED_VARIABLE = YES;
				IPHONEOS_DEPLOYMENT_TARGET = 16.1;
				MTL_ENABLE_DEBUG_INFO = NO;
				MTL_FAST_MATH = YES;
				SDKROOT = iphoneos;
				SWIFT_COMPILATION_MODE = wholemodule;
				SWIFT_OPTIMIZATION_LEVEL = "-O";
				VALIDATE_PRODUCT = YES;
			};
			name = Release;
		};
		22D18A6829B9D917006CF207 /* Debug */ = {
			isa = XCBuildConfiguration;
			baseConfigurationReference = 4CF7AED150CF640918ABBEEA /* Pods-MovieDatabase.debug.xcconfig */;
			buildSettings = {
				ASSETCATALOG_COMPILER_APPICON_NAME = AppIcon;
				ASSETCATALOG_COMPILER_GLOBAL_ACCENT_COLOR_NAME = AccentColor;
				CODE_SIGN_STYLE = Automatic;
				CURRENT_PROJECT_VERSION = 1;
				DEVELOPMENT_TEAM = 8WWR82GRZD;
				GENERATE_INFOPLIST_FILE = YES;
				INFOPLIST_FILE = MovieDatabase/Info.plist;
				INFOPLIST_KEY_UIApplicationSupportsIndirectInputEvents = YES;
				INFOPLIST_KEY_UILaunchStoryboardName = LaunchScreen;
				INFOPLIST_KEY_UISupportedInterfaceOrientations_iPad = "UIInterfaceOrientationPortrait UIInterfaceOrientationPortraitUpsideDown UIInterfaceOrientationLandscapeLeft UIInterfaceOrientationLandscapeRight";
				INFOPLIST_KEY_UISupportedInterfaceOrientations_iPhone = "UIInterfaceOrientationPortrait UIInterfaceOrientationLandscapeLeft UIInterfaceOrientationLandscapeRight";
				IPHONEOS_DEPLOYMENT_TARGET = 13.0;
				LD_RUNPATH_SEARCH_PATHS = (
					"$(inherited)",
					"@executable_path/Frameworks",
				);
				MARKETING_VERSION = 1.0;
				PRODUCT_BUNDLE_IDENTIFIER = com.ardy.MovieDatabase;
				PRODUCT_NAME = "$(TARGET_NAME)";
				SWIFT_EMIT_LOC_STRINGS = YES;
				SWIFT_VERSION = 5.0;
				TARGETED_DEVICE_FAMILY = "1,2";
			};
			name = Debug;
		};
		22D18A6929B9D917006CF207 /* Release */ = {
			isa = XCBuildConfiguration;
			baseConfigurationReference = 1BFA33C629F4A1623F8AB5AB /* Pods-MovieDatabase.release.xcconfig */;
			buildSettings = {
				ASSETCATALOG_COMPILER_APPICON_NAME = AppIcon;
				ASSETCATALOG_COMPILER_GLOBAL_ACCENT_COLOR_NAME = AccentColor;
				CODE_SIGN_STYLE = Automatic;
				CURRENT_PROJECT_VERSION = 1;
				DEVELOPMENT_TEAM = 8WWR82GRZD;
				GENERATE_INFOPLIST_FILE = YES;
				INFOPLIST_FILE = MovieDatabase/Info.plist;
				INFOPLIST_KEY_UIApplicationSupportsIndirectInputEvents = YES;
				INFOPLIST_KEY_UILaunchStoryboardName = LaunchScreen;
				INFOPLIST_KEY_UISupportedInterfaceOrientations_iPad = "UIInterfaceOrientationPortrait UIInterfaceOrientationPortraitUpsideDown UIInterfaceOrientationLandscapeLeft UIInterfaceOrientationLandscapeRight";
				INFOPLIST_KEY_UISupportedInterfaceOrientations_iPhone = "UIInterfaceOrientationPortrait UIInterfaceOrientationLandscapeLeft UIInterfaceOrientationLandscapeRight";
				IPHONEOS_DEPLOYMENT_TARGET = 13.0;
				LD_RUNPATH_SEARCH_PATHS = (
					"$(inherited)",
					"@executable_path/Frameworks",
				);
				MARKETING_VERSION = 1.0;
				PRODUCT_BUNDLE_IDENTIFIER = com.ardy.MovieDatabase;
				PRODUCT_NAME = "$(TARGET_NAME)";
				SWIFT_EMIT_LOC_STRINGS = YES;
				SWIFT_VERSION = 5.0;
				TARGETED_DEVICE_FAMILY = "1,2";
			};
			name = Release;
		};
		22D18A6B29B9D917006CF207 /* Debug */ = {
			isa = XCBuildConfiguration;
			baseConfigurationReference = C099DE6DE7E179C3D86EC86B /* Pods-MovieDatabaseTests.debug.xcconfig */;
			buildSettings = {
				ALWAYS_EMBED_SWIFT_STANDARD_LIBRARIES = YES;
				BUNDLE_LOADER = "$(TEST_HOST)";
				CODE_SIGN_STYLE = Automatic;
				CURRENT_PROJECT_VERSION = 1;
				DEVELOPMENT_TEAM = 8WWR82GRZD;
				GENERATE_INFOPLIST_FILE = YES;
				IPHONEOS_DEPLOYMENT_TARGET = 16.1;
				MARKETING_VERSION = 1.0;
				PRODUCT_BUNDLE_IDENTIFIER = com.ardy.MovieDatabaseTests;
				PRODUCT_NAME = "$(TARGET_NAME)";
				SWIFT_EMIT_LOC_STRINGS = NO;
				SWIFT_VERSION = 5.0;
				TARGETED_DEVICE_FAMILY = "1,2";
				TEST_HOST = "$(BUILT_PRODUCTS_DIR)/MovieDatabase.app/$(BUNDLE_EXECUTABLE_FOLDER_PATH)/MovieDatabase";
			};
			name = Debug;
		};
		22D18A6C29B9D917006CF207 /* Release */ = {
			isa = XCBuildConfiguration;
			baseConfigurationReference = 3B373343DF2B7B9E254E89DE /* Pods-MovieDatabaseTests.release.xcconfig */;
			buildSettings = {
				ALWAYS_EMBED_SWIFT_STANDARD_LIBRARIES = YES;
				BUNDLE_LOADER = "$(TEST_HOST)";
				CODE_SIGN_STYLE = Automatic;
				CURRENT_PROJECT_VERSION = 1;
				DEVELOPMENT_TEAM = 8WWR82GRZD;
				GENERATE_INFOPLIST_FILE = YES;
				IPHONEOS_DEPLOYMENT_TARGET = 16.1;
				MARKETING_VERSION = 1.0;
				PRODUCT_BUNDLE_IDENTIFIER = com.ardy.MovieDatabaseTests;
				PRODUCT_NAME = "$(TARGET_NAME)";
				SWIFT_EMIT_LOC_STRINGS = NO;
				SWIFT_VERSION = 5.0;
				TARGETED_DEVICE_FAMILY = "1,2";
				TEST_HOST = "$(BUILT_PRODUCTS_DIR)/MovieDatabase.app/$(BUNDLE_EXECUTABLE_FOLDER_PATH)/MovieDatabase";
			};
			name = Release;
		};
		22D18A6E29B9D917006CF207 /* Debug */ = {
			isa = XCBuildConfiguration;
			baseConfigurationReference = 1CD9F2EF5F567359AF978AA9 /* Pods-MovieDatabaseUITests.debug.xcconfig */;
			buildSettings = {
				ALWAYS_EMBED_SWIFT_STANDARD_LIBRARIES = YES;
				CODE_SIGN_STYLE = Automatic;
				CURRENT_PROJECT_VERSION = 1;
				DEVELOPMENT_TEAM = 8WWR82GRZD;
				GENERATE_INFOPLIST_FILE = YES;
				MARKETING_VERSION = 1.0;
				PRODUCT_BUNDLE_IDENTIFIER = com.ardy.MovieDatabaseUITests;
				PRODUCT_NAME = "$(TARGET_NAME)";
				SWIFT_EMIT_LOC_STRINGS = NO;
				SWIFT_VERSION = 5.0;
				TARGETED_DEVICE_FAMILY = "1,2";
				TEST_TARGET_NAME = MovieDatabase;
			};
			name = Debug;
		};
		22D18A6F29B9D917006CF207 /* Release */ = {
			isa = XCBuildConfiguration;
			baseConfigurationReference = 91C2E2B544AC18C6009DBBB4 /* Pods-MovieDatabaseUITests.release.xcconfig */;
			buildSettings = {
				ALWAYS_EMBED_SWIFT_STANDARD_LIBRARIES = YES;
				CODE_SIGN_STYLE = Automatic;
				CURRENT_PROJECT_VERSION = 1;
				DEVELOPMENT_TEAM = 8WWR82GRZD;
				GENERATE_INFOPLIST_FILE = YES;
				MARKETING_VERSION = 1.0;
				PRODUCT_BUNDLE_IDENTIFIER = com.ardy.MovieDatabaseUITests;
				PRODUCT_NAME = "$(TARGET_NAME)";
				SWIFT_EMIT_LOC_STRINGS = NO;
				SWIFT_VERSION = 5.0;
				TARGETED_DEVICE_FAMILY = "1,2";
				TEST_TARGET_NAME = MovieDatabase;
			};
			name = Release;
		};
/* End XCBuildConfiguration section */

/* Begin XCConfigurationList section */
		22D18A3829B9D913006CF207 /* Build configuration list for PBXProject "MovieDatabase" */ = {
			isa = XCConfigurationList;
			buildConfigurations = (
				22D18A6529B9D917006CF207 /* Debug */,
				22D18A6629B9D917006CF207 /* Release */,
			);
			defaultConfigurationIsVisible = 0;
			defaultConfigurationName = Release;
		};
		22D18A6729B9D917006CF207 /* Build configuration list for PBXNativeTarget "MovieDatabase" */ = {
			isa = XCConfigurationList;
			buildConfigurations = (
				22D18A6829B9D917006CF207 /* Debug */,
				22D18A6929B9D917006CF207 /* Release */,
			);
			defaultConfigurationIsVisible = 0;
			defaultConfigurationName = Release;
		};
		22D18A6A29B9D917006CF207 /* Build configuration list for PBXNativeTarget "MovieDatabaseTests" */ = {
			isa = XCConfigurationList;
			buildConfigurations = (
				22D18A6B29B9D917006CF207 /* Debug */,
				22D18A6C29B9D917006CF207 /* Release */,
			);
			defaultConfigurationIsVisible = 0;
			defaultConfigurationName = Release;
		};
		22D18A6D29B9D917006CF207 /* Build configuration list for PBXNativeTarget "MovieDatabaseUITests" */ = {
			isa = XCConfigurationList;
			buildConfigurations = (
				22D18A6E29B9D917006CF207 /* Debug */,
				22D18A6F29B9D917006CF207 /* Release */,
			);
			defaultConfigurationIsVisible = 0;
			defaultConfigurationName = Release;
		};
/* End XCConfigurationList section */
	};
	rootObject = 22D18A3529B9D913006CF207 /* Project object */;
}
